
Microsoft Visual Studio Solution File, Format Version 12.00
# Visual Studio 15
VisualStudioVersion = 15.0.28010.2046
MinimumVisualStudioVersion = 10.0.40219.1
Project("{FAE04EC0-301F-11D3-BF4B-00C04F79EFBC}") = "AppClient.Core", "AppClient.Core\AppClient.Core.csproj", "{D05CA35E-9975-4246-BBB4-048CD17177F4}"
EndProject
Project("{FAE04EC0-301F-11D3-BF4B-00C04F79EFBC}") = "AppClient.iFSA.BLL", "AppClient.iFSA.BLL\AppClient.iFSA.BLL.csproj", "{8A30C619-9C23-4EDC-B514-C08C1A0B7AAE}"
EndProject
Global
	GlobalSection(SolutionConfigurationPlatforms) = preSolution
		Debug|Any CPU = Debug|Any CPU
		Release|Any CPU = Release|Any CPU
	EndGlobalSection
	GlobalSection(ProjectConfigurationPlatforms) = postSolution
		{D05CA35E-9975-4246-BBB4-048CD17177F4}.Debug|Any CPU.ActiveCfg = Debug|Any CPU
		{D05CA35E-9975-4246-BBB4-048CD17177F4}.Debug|Any CPU.Build.0 = Debug|Any CPU
		{D05CA35E-9975-4246-BBB4-048CD17177F4}.Release|Any CPU.ActiveCfg = Release|Any CPU
		{D05CA35E-9975-4246-BBB4-048CD17177F4}.Release|Any CPU.Build.0 = Release|Any CPU
		{8A30C619-9C23-4EDC-B514-C08C1A0B7AAE}.Debug|Any CPU.ActiveCfg = Debug|Any CPU
		{8A30C619-9C23-4EDC-B514-C08C1A0B7AAE}.Debug|Any CPU.Build.0 = Debug|Any CPU
		{8A30C619-9C23-4EDC-B514-C08C1A0B7AAE}.Release|Any CPU.ActiveCfg = Release|Any CPU
		{8A30C619-9C23-4EDC-B514-C08C1A0B7AAE}.Release|Any CPU.Build.0 = Release|Any CPU
	EndGlobalSection
	GlobalSection(SolutionProperties) = preSolution
		HideSolutionNode = FALSE
	EndGlobalSection
	GlobalSection(ExtensibilityGlobals) = postSolution
		SolutionGuid = {5C2D7B8C-A231-4CFD-BE0A-D2CBA51093B6}
	EndGlobalSection
EndGlobal
